
Microsoft Visual Studio Solution File, Format Version 12.00
# Visual Studio Version 16
VisualStudioVersion = 16.0.29613.14
MinimumVisualStudioVersion = 10.0.40219.1
Project("{FAE04EC0-301F-11D3-BF4B-00C04F79EFBC}") = "GHSynth", "GHSynth.csproj", "{FC99EF8A-9E7A-486A-9E77-386D9F1C1AF5}"
EndProject
Project("{FAE04EC0-301F-11D3-BF4B-00C04F79EFBC}") = "Synth", "..\Synth\Synth.csproj", "{2F1C596E-8D16-409A-8974-91CC02224413}"
EndProject
Global
	GlobalSection(SolutionConfigurationPlatforms) = preSolution
		Debug|Any CPU = Debug|Any CPU
		Release|Any CPU = Release|Any CPU
	EndGlobalSection
	GlobalSection(ProjectConfigurationPlatforms) = postSolution
		{FC99EF8A-9E7A-486A-9E77-386D9F1C1AF5}.Debug|Any CPU.ActiveCfg = Debug|Any CPU
		{FC99EF8A-9E7A-486A-9E77-386D9F1C1AF5}.Debug|Any CPU.Build.0 = Debug|Any CPU
		{FC99EF8A-9E7A-486A-9E77-386D9F1C1AF5}.Release|Any CPU.ActiveCfg = Release|Any CPU
		{FC99EF8A-9E7A-486A-9E77-386D9F1C1AF5}.Release|Any CPU.Build.0 = Release|Any CPU
		{2F1C596E-8D16-409A-8974-91CC02224413}.Debug|Any CPU.ActiveCfg = Debug|Any CPU
		{2F1C596E-8D16-409A-8974-91CC02224413}.Debug|Any CPU.Build.0 = Debug|Any CPU
		{2F1C596E-8D16-409A-8974-91CC02224413}.Release|Any CPU.ActiveCfg = Release|Any CPU
		{2F1C596E-8D16-409A-8974-91CC02224413}.Release|Any CPU.Build.0 = Release|Any CPU
	EndGlobalSection
	GlobalSection(SolutionProperties) = preSolution
		HideSolutionNode = FALSE
	EndGlobalSection
	GlobalSection(ExtensibilityGlobals) = postSolution
		SolutionGuid = {30EC4AC3-5FAE-46ED-BD2B-E45F4F4FC11C}
	EndGlobalSection
EndGlobal
